
Microsoft Visual Studio Solution File, Format Version 12.00
# Visual Studio Version 16
VisualStudioVersion = 16.0.32228.343
MinimumVisualStudioVersion = 10.0.40219.1
Project("{FAE04EC0-301F-11D3-BF4B-00C04F79EFBC}") = "game", "game.csproj", "{700E8C0F-F944-4166-9AF4-DEB99E4900F2}"
EndProject
Global
	GlobalSection(SolutionConfigurationPlatforms) = preSolution
		Debug|Any CPU = Debug|Any CPU
		Release|Any CPU = Release|Any CPU
	EndGlobalSection
	GlobalSection(ProjectConfigurationPlatforms) = postSolution
		{700E8C0F-F944-4166-9AF4-DEB99E4900F2}.Debug|Any CPU.ActiveCfg = Debug|Any CPU
		{700E8C0F-F944-4166-9AF4-DEB99E4900F2}.Debug|Any CPU.Build.0 = Debug|Any CPU
		{700E8C0F-F944-4166-9AF4-DEB99E4900F2}.Release|Any CPU.ActiveCfg = Release|Any CPU
		{700E8C0F-F944-4166-9AF4-DEB99E4900F2}.Release|Any CPU.Build.0 = Release|Any CPU
	EndGlobalSection
	GlobalSection(SolutionProperties) = preSolution
		HideSolutionNode = FALSE
	EndGlobalSection
	GlobalSection(ExtensibilityGlobals) = postSolution
		SolutionGuid = {485FF102-BF0B-4B16-918E-827F220C573E}
	EndGlobalSection
EndGlobal
